
Microsoft Visual Studio Solution File, Format Version 12.00
# Visual Studio 2012
Project("{FAE04EC0-301F-11D3-BF4B-00C04F79EFBC}") = "QuanLyHocSinh", "QuanLyHocSinh\QuanLyHocSinh.csproj", "{1759015B-CCAD-4BF4-8F6D-F9FD6A4498D6}"
EndProject
Project("{FAE04EC0-301F-11D3-BF4B-00C04F79EFBC}") = "DAO", "DAO\DAO.csproj", "{731ECE46-EA1B-4592-8B44-04F47DAEC1BA}"
EndProject
Project("{FAE04EC0-301F-11D3-BF4B-00C04F79EFBC}") = "BUS", "BUS\BUS.csproj", "{21ED7B70-CBE6-4BC0-A390-65FA16D17AAD}"
EndProject
Project("{6141683F-8A12-4E36-9623-2EB02B2C2303}") = "Setup1", "Setup1\Setup1.isproj", "{CE9ACA7F-C14B-4ECF-AD2F-ED8A4C821B68}"
	ProjectSection(ProjectDependencies) = postProject
		{731ECE46-EA1B-4592-8B44-04F47DAEC1BA} = {731ECE46-EA1B-4592-8B44-04F47DAEC1BA}
		{1759015B-CCAD-4BF4-8F6D-F9FD6A4498D6} = {1759015B-CCAD-4BF4-8F6D-F9FD6A4498D6}
		{21ED7B70-CBE6-4BC0-A390-65FA16D17AAD} = {21ED7B70-CBE6-4BC0-A390-65FA16D17AAD}
	EndProjectSection
EndProject
Global
	GlobalSection(SolutionConfigurationPlatforms) = preSolution
		CD_ROM|Any CPU = CD_ROM|Any CPU
		Debug|Any CPU = Debug|Any CPU
		DVD-5|Any CPU = DVD-5|Any CPU
		Release|Any CPU = Release|Any CPU
		SingleImage|Any CPU = SingleImage|Any CPU
	EndGlobalSection
	GlobalSection(ProjectConfigurationPlatforms) = postSolution
		{1759015B-CCAD-4BF4-8F6D-F9FD6A4498D6}.CD_ROM|Any CPU.ActiveCfg = Release|Any CPU
		{1759015B-CCAD-4BF4-8F6D-F9FD6A4498D6}.CD_ROM|Any CPU.Build.0 = Release|Any CPU
		{1759015B-CCAD-4BF4-8F6D-F9FD6A4498D6}.Debug|Any CPU.ActiveCfg = Debug|Any CPU
		{1759015B-CCAD-4BF4-8F6D-F9FD6A4498D6}.Debug|Any CPU.Build.0 = Debug|Any CPU
		{1759015B-CCAD-4BF4-8F6D-F9FD6A4498D6}.DVD-5|Any CPU.ActiveCfg = Debug|Any CPU
		{1759015B-CCAD-4BF4-8F6D-F9FD6A4498D6}.DVD-5|Any CPU.Build.0 = Debug|Any CPU
		{1759015B-CCAD-4BF4-8F6D-F9FD6A4498D6}.Release|Any CPU.ActiveCfg = Release|Any CPU
		{1759015B-CCAD-4BF4-8F6D-F9FD6A4498D6}.Release|Any CPU.Build.0 = Release|Any CPU
		{1759015B-CCAD-4BF4-8F6D-F9FD6A4498D6}.SingleImage|Any CPU.ActiveCfg = Release|Any CPU
		{1759015B-CCAD-4BF4-8F6D-F9FD6A4498D6}.SingleImage|Any CPU.Build.0 = Release|Any CPU
		{731ECE46-EA1B-4592-8B44-04F47DAEC1BA}.CD_ROM|Any CPU.ActiveCfg = Release|Any CPU
		{731ECE46-EA1B-4592-8B44-04F47DAEC1BA}.CD_ROM|Any CPU.Build.0 = Release|Any CPU
		{731ECE46-EA1B-4592-8B44-04F47DAEC1BA}.Debug|Any CPU.ActiveCfg = Debug|Any CPU
		{731ECE46-EA1B-4592-8B44-04F47DAEC1BA}.Debug|Any CPU.Build.0 = Debug|Any CPU
		{731ECE46-EA1B-4592-8B44-04F47DAEC1BA}.DVD-5|Any CPU.ActiveCfg = Debug|Any CPU
		{731ECE46-EA1B-4592-8B44-04F47DAEC1BA}.DVD-5|Any CPU.Build.0 = Debug|Any CPU
		{731ECE46-EA1B-4592-8B44-04F47DAEC1BA}.Release|Any CPU.ActiveCfg = Release|Any CPU
		{731ECE46-EA1B-4592-8B44-04F47DAEC1BA}.Release|Any CPU.Build.0 = Release|Any CPU
		{731ECE46-EA1B-4592-8B44-04F47DAEC1BA}.SingleImage|Any CPU.ActiveCfg = Release|Any CPU
		{731ECE46-EA1B-4592-8B44-04F47DAEC1BA}.SingleImage|Any CPU.Build.0 = Release|Any CPU
		{21ED7B70-CBE6-4BC0-A390-65FA16D17AAD}.CD_ROM|Any CPU.ActiveCfg = Release|Any CPU
		{21ED7B70-CBE6-4BC0-A390-65FA16D17AAD}.CD_ROM|Any CPU.Build.0 = Release|Any CPU
		{21ED7B70-CBE6-4BC0-A390-65FA16D17AAD}.Debug|Any CPU.ActiveCfg = Debug|Any CPU
		{21ED7B70-CBE6-4BC0-A390-65FA16D17AAD}.Debug|Any CPU.Build.0 = Debug|Any CPU
		{21ED7B70-CBE6-4BC0-A390-65FA16D17AAD}.DVD-5|Any CPU.ActiveCfg = Debug|Any CPU
		{21ED7B70-CBE6-4BC0-A390-65FA16D17AAD}.DVD-5|Any CPU.Build.0 = Debug|Any CPU
		{21ED7B70-CBE6-4BC0-A390-65FA16D17AAD}.Release|Any CPU.ActiveCfg = Release|Any CPU
		{21ED7B70-CBE6-4BC0-A390-65FA16D17AAD}.Release|Any CPU.Build.0 = Release|Any CPU
		{21ED7B70-CBE6-4BC0-A390-65FA16D17AAD}.SingleImage|Any CPU.ActiveCfg = Release|Any CPU
		{21ED7B70-CBE6-4BC0-A390-65FA16D17AAD}.SingleImage|Any CPU.Build.0 = Release|Any CPU
		{CE9ACA7F-C14B-4ECF-AD2F-ED8A4C821B68}.CD_ROM|Any CPU.ActiveCfg = CD_ROM
		{CE9ACA7F-C14B-4ECF-AD2F-ED8A4C821B68}.CD_ROM|Any CPU.Build.0 = CD_ROM
		{CE9ACA7F-C14B-4ECF-AD2F-ED8A4C821B68}.Debug|Any CPU.ActiveCfg = DVD-5
		{CE9ACA7F-C14B-4ECF-AD2F-ED8A4C821B68}.Debug|Any CPU.Build.0 = DVD-5
		{CE9ACA7F-C14B-4ECF-AD2F-ED8A4C821B68}.DVD-5|Any CPU.ActiveCfg = DVD-5
		{CE9ACA7F-C14B-4ECF-AD2F-ED8A4C821B68}.DVD-5|Any CPU.Build.0 = DVD-5
		{CE9ACA7F-C14B-4ECF-AD2F-ED8A4C821B68}.Release|Any CPU.ActiveCfg = SingleImage
		{CE9ACA7F-C14B-4ECF-AD2F-ED8A4C821B68}.Release|Any CPU.Build.0 = SingleImage
		{CE9ACA7F-C14B-4ECF-AD2F-ED8A4C821B68}.SingleImage|Any CPU.ActiveCfg = SingleImage
		{CE9ACA7F-C14B-4ECF-AD2F-ED8A4C821B68}.SingleImage|Any CPU.Build.0 = SingleImage
	EndGlobalSection
	GlobalSection(SolutionProperties) = preSolution
		HideSolutionNode = FALSE
	EndGlobalSection
EndGlobal
